
Microsoft Visual Studio Solution File, Format Version 12.00
# Visual Studio Version 17
VisualStudioVersion = 17.7.34031.279
MinimumVisualStudioVersion = 10.0.40219.1
Project("{9A19103F-16F7-4668-BE54-9A1E7A4F7556}") = "Exercícios", "Exercícios\Exercícios.csproj", "{71B712CF-2795-42A3-8781-10FD76A38DEA}"
EndProject
Project("{9A19103F-16F7-4668-BE54-9A1E7A4F7556}") = "Exercício 2", "Exercício 2\Exercício 2.csproj", "{873FC63B-C290-4590-BFEB-8630CACF9C4A}"
EndProject
Project("{9A19103F-16F7-4668-BE54-9A1E7A4F7556}") = "Exercício 3", "Exercício 3\Exercício 3.csproj", "{0A50D340-D39C-4592-BDF0-AA81133BF76E}"
EndProject
Project("{9A19103F-16F7-4668-BE54-9A1E7A4F7556}") = "Execício 4", "Execício 4\Execício 4.csproj", "{DB7D4985-CE5C-4F57-99FA-D23FA7198418}"
EndProject
Project("{9A19103F-16F7-4668-BE54-9A1E7A4F7556}") = "Exercício 5", "Exercício 5\Exercício 5.csproj", "{3883B9A6-6AF4-4506-8908-643538082052}"
EndProject
Project("{FAE04EC0-301F-11D3-BF4B-00C04F79EFBC}") = "Exercícios 6", "Exercícios 6\Exercícios 6.csproj", "{6401A848-55E0-4B5E-ACCB-12F7ADFA11AA}"
EndProject
Global
	GlobalSection(SolutionConfigurationPlatforms) = preSolution
		Debug|Any CPU = Debug|Any CPU
		Release|Any CPU = Release|Any CPU
	EndGlobalSection
	GlobalSection(ProjectConfigurationPlatforms) = postSolution
		{71B712CF-2795-42A3-8781-10FD76A38DEA}.Debug|Any CPU.ActiveCfg = Debug|Any CPU
		{71B712CF-2795-42A3-8781-10FD76A38DEA}.Debug|Any CPU.Build.0 = Debug|Any CPU
		{71B712CF-2795-42A3-8781-10FD76A38DEA}.Release|Any CPU.ActiveCfg = Release|Any CPU
		{71B712CF-2795-42A3-8781-10FD76A38DEA}.Release|Any CPU.Build.0 = Release|Any CPU
		{873FC63B-C290-4590-BFEB-8630CACF9C4A}.Debug|Any CPU.ActiveCfg = Debug|Any CPU
		{873FC63B-C290-4590-BFEB-8630CACF9C4A}.Debug|Any CPU.Build.0 = Debug|Any CPU
		{873FC63B-C290-4590-BFEB-8630CACF9C4A}.Release|Any CPU.ActiveCfg = Release|Any CPU
		{873FC63B-C290-4590-BFEB-8630CACF9C4A}.Release|Any CPU.Build.0 = Release|Any CPU
		{0A50D340-D39C-4592-BDF0-AA81133BF76E}.Debug|Any CPU.ActiveCfg = Debug|Any CPU
		{0A50D340-D39C-4592-BDF0-AA81133BF76E}.Debug|Any CPU.Build.0 = Debug|Any CPU
		{0A50D340-D39C-4592-BDF0-AA81133BF76E}.Release|Any CPU.ActiveCfg = Release|Any CPU
		{0A50D340-D39C-4592-BDF0-AA81133BF76E}.Release|Any CPU.Build.0 = Release|Any CPU
		{DB7D4985-CE5C-4F57-99FA-D23FA7198418}.Debug|Any CPU.ActiveCfg = Debug|Any CPU
		{DB7D4985-CE5C-4F57-99FA-D23FA7198418}.Debug|Any CPU.Build.0 = Debug|Any CPU
		{DB7D4985-CE5C-4F57-99FA-D23FA7198418}.Release|Any CPU.ActiveCfg = Release|Any CPU
		{DB7D4985-CE5C-4F57-99FA-D23FA7198418}.Release|Any CPU.Build.0 = Release|Any CPU
		{3883B9A6-6AF4-4506-8908-643538082052}.Debug|Any CPU.ActiveCfg = Debug|Any CPU
		{3883B9A6-6AF4-4506-8908-643538082052}.Debug|Any CPU.Build.0 = Debug|Any CPU
		{3883B9A6-6AF4-4506-8908-643538082052}.Release|Any CPU.ActiveCfg = Release|Any CPU
		{3883B9A6-6AF4-4506-8908-643538082052}.Release|Any CPU.Build.0 = Release|Any CPU
		{6401A848-55E0-4B5E-ACCB-12F7ADFA11AA}.Debug|Any CPU.ActiveCfg = Debug|Any CPU
		{6401A848-55E0-4B5E-ACCB-12F7ADFA11AA}.Debug|Any CPU.Build.0 = Debug|Any CPU
		{6401A848-55E0-4B5E-ACCB-12F7ADFA11AA}.Release|Any CPU.ActiveCfg = Release|Any CPU
		{6401A848-55E0-4B5E-ACCB-12F7ADFA11AA}.Release|Any CPU.Build.0 = Release|Any CPU
	EndGlobalSection
	GlobalSection(SolutionProperties) = preSolution
		HideSolutionNode = FALSE
	EndGlobalSection
	GlobalSection(ExtensibilityGlobals) = postSolution
		SolutionGuid = {AF6D0165-6245-4B08-8DA0-3D8EE6FB39AF}
	EndGlobalSection
EndGlobal
